
Microsoft Visual Studio Solution File, Format Version 12.00
# Visual Studio Version 17
VisualStudioVersion = 17.10.35013.160
MinimumVisualStudioVersion = 10.0.40219.1
Project("{2150E333-8FDC-42A3-9474-1A3956D46DE8}") = "Services", "Services", "{3727CBF4-A7DA-4C22-AC38-A1FF4C0BFC76}"
EndProject
Project("{2150E333-8FDC-42A3-9474-1A3956D46DE8}") = "Catalog", "Catalog", "{A55A3016-BE5C-4AC3-BC90-2DAF12CCB285}"
EndProject
Project("{9A19103F-16F7-4668-BE54-9A1E7A4F7556}") = "MultiShop.Catalog", "Services\Catalog\MultiShop.Catalog\MultiShop.Catalog.csproj", "{A6429EE2-5A50-4E5D-9FAD-3A1515F4DAC1}"
EndProject
Project("{2150E333-8FDC-42A3-9474-1A3956D46DE8}") = "Discount", "Discount", "{D25906AC-AC22-427A-95A5-5D5EE0E31DA1}"
EndProject
Project("{9A19103F-16F7-4668-BE54-9A1E7A4F7556}") = "MultiShop.Discount", "Services\Discount\MultiShop.Discount\MultiShop.Discount.csproj", "{BB894243-CC90-4128-8584-B41B5A4C78F5}"
EndProject
Project("{2150E333-8FDC-42A3-9474-1A3956D46DE8}") = "Order", "Order", "{041C60EA-D96C-4F5A-B640-81B1E85AAF78}"
EndProject
Project("{2150E333-8FDC-42A3-9474-1A3956D46DE8}") = "Core", "Core", "{DDC85624-AA07-49DB-8E0A-95AA9D571CD1}"
EndProject
Project("{2150E333-8FDC-42A3-9474-1A3956D46DE8}") = "Infrasucture", "Infrasucture", "{9B75D9E5-20E6-4A31-ADB5-C6879E88128A}"
EndProject
Project("{2150E333-8FDC-42A3-9474-1A3956D46DE8}") = "Presentation", "Presentation", "{C144320C-1957-42E9-9F30-69BF1CCFC0B4}"
EndProject
Project("{FAE04EC0-301F-11D3-BF4B-00C04F79EFBC}") = "MultiShop.Order.Domain", "Services\Order\Core\MultiShop.Order.Domain\MultiShop.Order.Domain.csproj", "{12CF8993-0926-427C-922D-00370F23034A}"
EndProject
Project("{FAE04EC0-301F-11D3-BF4B-00C04F79EFBC}") = "MultiShop.Order.Application", "Services\Order\Core\MultiShop.Order.Application\MultiShop.Order.Application.csproj", "{2F738E65-7E7C-48DC-A3CF-AFBE1A900817}"
EndProject
Project("{FAE04EC0-301F-11D3-BF4B-00C04F79EFBC}") = "MultiShop.Order.Persistence", "Services\Order\Infrastructure\MultiShop.Order.Persistence\MultiShop.Order.Persistence.csproj", "{AC433BFD-6922-4384-B1FB-F7F1ED031BD6}"
EndProject
Project("{FAE04EC0-301F-11D3-BF4B-00C04F79EFBC}") = "MultiShop.Order.WebApi", "Services\Order\Presentation\MultiShop.Order.WebApi\MultiShop.Order.WebApi.csproj", "{71123E56-A019-4FFA-8EA5-9E5E7059FC69}"
EndProject
Global
	GlobalSection(SolutionConfigurationPlatforms) = preSolution
		Debug|Any CPU = Debug|Any CPU
		Release|Any CPU = Release|Any CPU
	EndGlobalSection
	GlobalSection(ProjectConfigurationPlatforms) = postSolution
		{A6429EE2-5A50-4E5D-9FAD-3A1515F4DAC1}.Debug|Any CPU.ActiveCfg = Debug|Any CPU
		{A6429EE2-5A50-4E5D-9FAD-3A1515F4DAC1}.Debug|Any CPU.Build.0 = Debug|Any CPU
		{A6429EE2-5A50-4E5D-9FAD-3A1515F4DAC1}.Release|Any CPU.ActiveCfg = Release|Any CPU
		{A6429EE2-5A50-4E5D-9FAD-3A1515F4DAC1}.Release|Any CPU.Build.0 = Release|Any CPU
		{BB894243-CC90-4128-8584-B41B5A4C78F5}.Debug|Any CPU.ActiveCfg = Debug|Any CPU
		{BB894243-CC90-4128-8584-B41B5A4C78F5}.Debug|Any CPU.Build.0 = Debug|Any CPU
		{BB894243-CC90-4128-8584-B41B5A4C78F5}.Release|Any CPU.ActiveCfg = Release|Any CPU
		{BB894243-CC90-4128-8584-B41B5A4C78F5}.Release|Any CPU.Build.0 = Release|Any CPU
		{12CF8993-0926-427C-922D-00370F23034A}.Debug|Any CPU.ActiveCfg = Debug|Any CPU
		{12CF8993-0926-427C-922D-00370F23034A}.Debug|Any CPU.Build.0 = Debug|Any CPU
		{12CF8993-0926-427C-922D-00370F23034A}.Release|Any CPU.ActiveCfg = Release|Any CPU
		{12CF8993-0926-427C-922D-00370F23034A}.Release|Any CPU.Build.0 = Release|Any CPU
		{2F738E65-7E7C-48DC-A3CF-AFBE1A900817}.Debug|Any CPU.ActiveCfg = Debug|Any CPU
		{2F738E65-7E7C-48DC-A3CF-AFBE1A900817}.Debug|Any CPU.Build.0 = Debug|Any CPU
		{2F738E65-7E7C-48DC-A3CF-AFBE1A900817}.Release|Any CPU.ActiveCfg = Release|Any CPU
		{2F738E65-7E7C-48DC-A3CF-AFBE1A900817}.Release|Any CPU.Build.0 = Release|Any CPU
		{AC433BFD-6922-4384-B1FB-F7F1ED031BD6}.Debug|Any CPU.ActiveCfg = Debug|Any CPU
		{AC433BFD-6922-4384-B1FB-F7F1ED031BD6}.Debug|Any CPU.Build.0 = Debug|Any CPU
		{AC433BFD-6922-4384-B1FB-F7F1ED031BD6}.Release|Any CPU.ActiveCfg = Release|Any CPU
		{AC433BFD-6922-4384-B1FB-F7F1ED031BD6}.Release|Any CPU.Build.0 = Release|Any CPU
		{71123E56-A019-4FFA-8EA5-9E5E7059FC69}.Debug|Any CPU.ActiveCfg = Debug|Any CPU
		{71123E56-A019-4FFA-8EA5-9E5E7059FC69}.Debug|Any CPU.Build.0 = Debug|Any CPU
		{71123E56-A019-4FFA-8EA5-9E5E7059FC69}.Release|Any CPU.ActiveCfg = Release|Any CPU
		{71123E56-A019-4FFA-8EA5-9E5E7059FC69}.Release|Any CPU.Build.0 = Release|Any CPU
	EndGlobalSection
	GlobalSection(SolutionProperties) = preSolution
		HideSolutionNode = FALSE
	EndGlobalSection
	GlobalSection(NestedProjects) = preSolution
		{A55A3016-BE5C-4AC3-BC90-2DAF12CCB285} = {3727CBF4-A7DA-4C22-AC38-A1FF4C0BFC76}
		{A6429EE2-5A50-4E5D-9FAD-3A1515F4DAC1} = {A55A3016-BE5C-4AC3-BC90-2DAF12CCB285}
		{D25906AC-AC22-427A-95A5-5D5EE0E31DA1} = {3727CBF4-A7DA-4C22-AC38-A1FF4C0BFC76}
		{BB894243-CC90-4128-8584-B41B5A4C78F5} = {D25906AC-AC22-427A-95A5-5D5EE0E31DA1}
		{041C60EA-D96C-4F5A-B640-81B1E85AAF78} = {3727CBF4-A7DA-4C22-AC38-A1FF4C0BFC76}
		{DDC85624-AA07-49DB-8E0A-95AA9D571CD1} = {041C60EA-D96C-4F5A-B640-81B1E85AAF78}
		{9B75D9E5-20E6-4A31-ADB5-C6879E88128A} = {041C60EA-D96C-4F5A-B640-81B1E85AAF78}
		{C144320C-1957-42E9-9F30-69BF1CCFC0B4} = {041C60EA-D96C-4F5A-B640-81B1E85AAF78}
		{12CF8993-0926-427C-922D-00370F23034A} = {DDC85624-AA07-49DB-8E0A-95AA9D571CD1}
		{2F738E65-7E7C-48DC-A3CF-AFBE1A900817} = {DDC85624-AA07-49DB-8E0A-95AA9D571CD1}
		{AC433BFD-6922-4384-B1FB-F7F1ED031BD6} = {9B75D9E5-20E6-4A31-ADB5-C6879E88128A}
		{71123E56-A019-4FFA-8EA5-9E5E7059FC69} = {C144320C-1957-42E9-9F30-69BF1CCFC0B4}
	EndGlobalSection
	GlobalSection(ExtensibilityGlobals) = postSolution
		SolutionGuid = {99681F35-819C-4776-B938-B1780CBEA34C}
	EndGlobalSection
EndGlobal
